
Microsoft Visual Studio Solution File, Format Version 12.00
# Visual Studio Version 17
VisualStudioVersion = 17.0.31903.59
MinimumVisualStudioVersion = 10.0.40219.1
Project("{2150E333-8FDC-42A3-9474-1A3956D46DE8}") = "src", "src", "{8F7A80CF-51C3-42F0-B521-75D8E4ACFDCD}"
EndProject
Project("{FAE04EC0-301F-11D3-BF4B-00C04F79EFBC}") = "FieldAttendance.Domain", "src\FieldAttendance.Domain\FieldAttendance.Domain.csproj", "{3EB8C442-FB4A-4771-9E3B-F78EE264720A}"
EndProject
Project("{2150E333-8FDC-42A3-9474-1A3956D46DE8}") = "tests", "tests", "{F942BE72-06E9-4D30-A7C9-7D50E7E62D36}"
EndProject
Project("{FAE04EC0-301F-11D3-BF4B-00C04F79EFBC}") = "FieldAttendance.Domain.Tests", "tests\FieldAttendance.Domain.Tests\FieldAttendance.Domain.Tests.csproj", "{A2EFF99E-31B0-400F-90FA-BF364709A153}"
EndProject
Project("{FAE04EC0-301F-11D3-BF4B-00C04F79EFBC}") = "FieldAttendance.Api", "src\FieldAttendance.Api\FieldAttendance.Api.csproj", "{BFE6B177-73FB-4BFE-98F9-5C196D8B118D}"
EndProject
Project("{FAE04EC0-301F-11D3-BF4B-00C04F79EFBC}") = "FieldAttendance.Api.Tests", "tests\FieldAttendance.Api.Tests\FieldAttendance.Api.Tests.csproj", "{C37095E8-E3C8-4C23-B94B-7D5BD51AA374}"
EndProject
Global
	GlobalSection(SolutionConfigurationPlatforms) = preSolution
		Debug|Any CPU = Debug|Any CPU
		Release|Any CPU = Release|Any CPU
	EndGlobalSection
	GlobalSection(SolutionProperties) = preSolution
		HideSolutionNode = FALSE
	EndGlobalSection
	GlobalSection(ProjectConfigurationPlatforms) = postSolution
		{3EB8C442-FB4A-4771-9E3B-F78EE264720A}.Debug|Any CPU.ActiveCfg = Debug|Any CPU
		{3EB8C442-FB4A-4771-9E3B-F78EE264720A}.Debug|Any CPU.Build.0 = Debug|Any CPU
		{3EB8C442-FB4A-4771-9E3B-F78EE264720A}.Release|Any CPU.ActiveCfg = Release|Any CPU
		{3EB8C442-FB4A-4771-9E3B-F78EE264720A}.Release|Any CPU.Build.0 = Release|Any CPU
		{A2EFF99E-31B0-400F-90FA-BF364709A153}.Debug|Any CPU.ActiveCfg = Debug|Any CPU
		{A2EFF99E-31B0-400F-90FA-BF364709A153}.Debug|Any CPU.Build.0 = Debug|Any CPU
		{A2EFF99E-31B0-400F-90FA-BF364709A153}.Release|Any CPU.ActiveCfg = Release|Any CPU
		{A2EFF99E-31B0-400F-90FA-BF364709A153}.Release|Any CPU.Build.0 = Release|Any CPU
		{BFE6B177-73FB-4BFE-98F9-5C196D8B118D}.Debug|Any CPU.ActiveCfg = Debug|Any CPU
		{BFE6B177-73FB-4BFE-98F9-5C196D8B118D}.Debug|Any CPU.Build.0 = Debug|Any CPU
		{BFE6B177-73FB-4BFE-98F9-5C196D8B118D}.Release|Any CPU.ActiveCfg = Release|Any CPU
		{BFE6B177-73FB-4BFE-98F9-5C196D8B118D}.Release|Any CPU.Build.0 = Release|Any CPU
		{C37095E8-E3C8-4C23-B94B-7D5BD51AA374}.Debug|Any CPU.ActiveCfg = Debug|Any CPU
		{C37095E8-E3C8-4C23-B94B-7D5BD51AA374}.Debug|Any CPU.Build.0 = Debug|Any CPU
		{C37095E8-E3C8-4C23-B94B-7D5BD51AA374}.Release|Any CPU.ActiveCfg = Release|Any CPU
		{C37095E8-E3C8-4C23-B94B-7D5BD51AA374}.Release|Any CPU.Build.0 = Release|Any CPU
	EndGlobalSection
	GlobalSection(NestedProjects) = preSolution
		{3EB8C442-FB4A-4771-9E3B-F78EE264720A} = {8F7A80CF-51C3-42F0-B521-75D8E4ACFDCD}
		{A2EFF99E-31B0-400F-90FA-BF364709A153} = {F942BE72-06E9-4D30-A7C9-7D50E7E62D36}
		{BFE6B177-73FB-4BFE-98F9-5C196D8B118D} = {8F7A80CF-51C3-42F0-B521-75D8E4ACFDCD}
		{C37095E8-E3C8-4C23-B94B-7D5BD51AA374} = {F942BE72-06E9-4D30-A7C9-7D50E7E62D36}
	EndGlobalSection
EndGlobal
